
Microsoft Visual Studio Solution File, Format Version 12.00
# Visual Studio 15
VisualStudioVersion = 15.0.27703.2035
MinimumVisualStudioVersion = 10.0.40219.1
Project("{FAE04EC0-301F-11D3-BF4B-00C04F79EFBC}") = "Weiz.Producer", "Weiz.Producer\Weiz.Producer.csproj", "{8D89A599-8CB3-4EBF-A9DA-6079AD63A7DC}"
EndProject
Project("{FAE04EC0-301F-11D3-BF4B-00C04F79EFBC}") = "Weiz.MQ", "Weiz.MQ\Weiz.MQ.csproj", "{3491282A-4CCE-4A81-B2D6-F3D9B9A7090A}"
EndProject
Project("{FAE04EC0-301F-11D3-BF4B-00C04F79EFBC}") = "Weiz.Consumer", "Weiz.Consumer\Weiz.Consumer.csproj", "{9A3EAA75-A1FC-44B2-AD6A-C6A13C6CCC2C}"
EndProject
Project("{FAE04EC0-301F-11D3-BF4B-00C04F79EFBC}") = "RabbitMQ.Models", "RabbitMQ.Models\RabbitMQ.Models.csproj", "{E2B6B1A5-898E-40CC-8C99-63B69FC31C67}"
EndProject
Project("{FAE04EC0-301F-11D3-BF4B-00C04F79EFBC}") = "RabbitMQ.Sender2", "RabbitMQ.Sender2\RabbitMQ.Sender2.csproj", "{82F17873-7AA4-4BB8-822E-EF946A89BDB0}"
EndProject
Project("{FAE04EC0-301F-11D3-BF4B-00C04F79EFBC}") = "RabbitMQ.Consumer", "RabbitMQ.Consumer\RabbitMQ.Consumer.csproj", "{F208BF1E-B52F-48A5-B6A6-A440685F88E9}"
EndProject
Project("{FAE04EC0-301F-11D3-BF4B-00C04F79EFBC}") = "RabbitMQ2.PublishDemo", "RabbitMQ2.PublishDemo\RabbitMQ2.PublishDemo.csproj", "{67E06F02-7488-44B2-8200-832FD98E0731}"
EndProject
Project("{FAE04EC0-301F-11D3-BF4B-00C04F79EFBC}") = "RabbitMQ2.SubscribeDemo", "RabbitMQ2.SubscribeDemo\RabbitMQ2.SubscribeDemo.csproj", "{4106AED2-368B-4632-BF00-CCE70EB10402}"
EndProject
Global
	GlobalSection(SolutionConfigurationPlatforms) = preSolution
		Debug|Any CPU = Debug|Any CPU
		Debug|Mixed Platforms = Debug|Mixed Platforms
		Debug|x86 = Debug|x86
		Release|Any CPU = Release|Any CPU
		Release|Mixed Platforms = Release|Mixed Platforms
		Release|x86 = Release|x86
	EndGlobalSection
	GlobalSection(ProjectConfigurationPlatforms) = postSolution
		{8D89A599-8CB3-4EBF-A9DA-6079AD63A7DC}.Debug|Any CPU.ActiveCfg = Debug|Any CPU
		{8D89A599-8CB3-4EBF-A9DA-6079AD63A7DC}.Debug|Any CPU.Build.0 = Debug|Any CPU
		{8D89A599-8CB3-4EBF-A9DA-6079AD63A7DC}.Debug|Mixed Platforms.ActiveCfg = Debug|Any CPU
		{8D89A599-8CB3-4EBF-A9DA-6079AD63A7DC}.Debug|Mixed Platforms.Build.0 = Debug|Any CPU
		{8D89A599-8CB3-4EBF-A9DA-6079AD63A7DC}.Debug|x86.ActiveCfg = Debug|Any CPU
		{8D89A599-8CB3-4EBF-A9DA-6079AD63A7DC}.Release|Any CPU.ActiveCfg = Release|Any CPU
		{8D89A599-8CB3-4EBF-A9DA-6079AD63A7DC}.Release|Any CPU.Build.0 = Release|Any CPU
		{8D89A599-8CB3-4EBF-A9DA-6079AD63A7DC}.Release|Mixed Platforms.ActiveCfg = Release|Any CPU
		{8D89A599-8CB3-4EBF-A9DA-6079AD63A7DC}.Release|Mixed Platforms.Build.0 = Release|Any CPU
		{8D89A599-8CB3-4EBF-A9DA-6079AD63A7DC}.Release|x86.ActiveCfg = Release|Any CPU
		{3491282A-4CCE-4A81-B2D6-F3D9B9A7090A}.Debug|Any CPU.ActiveCfg = Debug|Any CPU
		{3491282A-4CCE-4A81-B2D6-F3D9B9A7090A}.Debug|Any CPU.Build.0 = Debug|Any CPU
		{3491282A-4CCE-4A81-B2D6-F3D9B9A7090A}.Debug|Mixed Platforms.ActiveCfg = Debug|Any CPU
		{3491282A-4CCE-4A81-B2D6-F3D9B9A7090A}.Debug|Mixed Platforms.Build.0 = Debug|Any CPU
		{3491282A-4CCE-4A81-B2D6-F3D9B9A7090A}.Debug|x86.ActiveCfg = Debug|Any CPU
		{3491282A-4CCE-4A81-B2D6-F3D9B9A7090A}.Release|Any CPU.ActiveCfg = Release|Any CPU
		{3491282A-4CCE-4A81-B2D6-F3D9B9A7090A}.Release|Any CPU.Build.0 = Release|Any CPU
		{3491282A-4CCE-4A81-B2D6-F3D9B9A7090A}.Release|Mixed Platforms.ActiveCfg = Release|Any CPU
		{3491282A-4CCE-4A81-B2D6-F3D9B9A7090A}.Release|Mixed Platforms.Build.0 = Release|Any CPU
		{3491282A-4CCE-4A81-B2D6-F3D9B9A7090A}.Release|x86.ActiveCfg = Release|Any CPU
		{9A3EAA75-A1FC-44B2-AD6A-C6A13C6CCC2C}.Debug|Any CPU.ActiveCfg = Debug|Any CPU
		{9A3EAA75-A1FC-44B2-AD6A-C6A13C6CCC2C}.Debug|Any CPU.Build.0 = Debug|Any CPU
		{9A3EAA75-A1FC-44B2-AD6A-C6A13C6CCC2C}.Debug|Mixed Platforms.ActiveCfg = Debug|Any CPU
		{9A3EAA75-A1FC-44B2-AD6A-C6A13C6CCC2C}.Debug|Mixed Platforms.Build.0 = Debug|Any CPU
		{9A3EAA75-A1FC-44B2-AD6A-C6A13C6CCC2C}.Debug|x86.ActiveCfg = Debug|Any CPU
		{9A3EAA75-A1FC-44B2-AD6A-C6A13C6CCC2C}.Release|Any CPU.ActiveCfg = Release|Any CPU
		{9A3EAA75-A1FC-44B2-AD6A-C6A13C6CCC2C}.Release|Any CPU.Build.0 = Release|Any CPU
		{9A3EAA75-A1FC-44B2-AD6A-C6A13C6CCC2C}.Release|Mixed Platforms.ActiveCfg = Release|Any CPU
		{9A3EAA75-A1FC-44B2-AD6A-C6A13C6CCC2C}.Release|Mixed Platforms.Build.0 = Release|Any CPU
		{9A3EAA75-A1FC-44B2-AD6A-C6A13C6CCC2C}.Release|x86.ActiveCfg = Release|Any CPU
		{E2B6B1A5-898E-40CC-8C99-63B69FC31C67}.Debug|Any CPU.ActiveCfg = Debug|Any CPU
		{E2B6B1A5-898E-40CC-8C99-63B69FC31C67}.Debug|Any CPU.Build.0 = Debug|Any CPU
		{E2B6B1A5-898E-40CC-8C99-63B69FC31C67}.Debug|Mixed Platforms.ActiveCfg = Debug|Any CPU
		{E2B6B1A5-898E-40CC-8C99-63B69FC31C67}.Debug|Mixed Platforms.Build.0 = Debug|Any CPU
		{E2B6B1A5-898E-40CC-8C99-63B69FC31C67}.Debug|x86.ActiveCfg = Debug|Any CPU
		{E2B6B1A5-898E-40CC-8C99-63B69FC31C67}.Debug|x86.Build.0 = Debug|Any CPU
		{E2B6B1A5-898E-40CC-8C99-63B69FC31C67}.Release|Any CPU.ActiveCfg = Release|Any CPU
		{E2B6B1A5-898E-40CC-8C99-63B69FC31C67}.Release|Any CPU.Build.0 = Release|Any CPU
		{E2B6B1A5-898E-40CC-8C99-63B69FC31C67}.Release|Mixed Platforms.ActiveCfg = Release|Any CPU
		{E2B6B1A5-898E-40CC-8C99-63B69FC31C67}.Release|Mixed Platforms.Build.0 = Release|Any CPU
		{E2B6B1A5-898E-40CC-8C99-63B69FC31C67}.Release|x86.ActiveCfg = Release|Any CPU
		{E2B6B1A5-898E-40CC-8C99-63B69FC31C67}.Release|x86.Build.0 = Release|Any CPU
		{82F17873-7AA4-4BB8-822E-EF946A89BDB0}.Debug|Any CPU.ActiveCfg = Debug|Any CPU
		{82F17873-7AA4-4BB8-822E-EF946A89BDB0}.Debug|Any CPU.Build.0 = Debug|Any CPU
		{82F17873-7AA4-4BB8-822E-EF946A89BDB0}.Debug|Mixed Platforms.ActiveCfg = Debug|Any CPU
		{82F17873-7AA4-4BB8-822E-EF946A89BDB0}.Debug|Mixed Platforms.Build.0 = Debug|Any CPU
		{82F17873-7AA4-4BB8-822E-EF946A89BDB0}.Debug|x86.ActiveCfg = Debug|Any CPU
		{82F17873-7AA4-4BB8-822E-EF946A89BDB0}.Debug|x86.Build.0 = Debug|Any CPU
		{82F17873-7AA4-4BB8-822E-EF946A89BDB0}.Release|Any CPU.ActiveCfg = Release|Any CPU
		{82F17873-7AA4-4BB8-822E-EF946A89BDB0}.Release|Any CPU.Build.0 = Release|Any CPU
		{82F17873-7AA4-4BB8-822E-EF946A89BDB0}.Release|Mixed Platforms.ActiveCfg = Release|Any CPU
		{82F17873-7AA4-4BB8-822E-EF946A89BDB0}.Release|Mixed Platforms.Build.0 = Release|Any CPU
		{82F17873-7AA4-4BB8-822E-EF946A89BDB0}.Release|x86.ActiveCfg = Release|Any CPU
		{82F17873-7AA4-4BB8-822E-EF946A89BDB0}.Release|x86.Build.0 = Release|Any CPU
		{F208BF1E-B52F-48A5-B6A6-A440685F88E9}.Debug|Any CPU.ActiveCfg = Debug|Any CPU
		{F208BF1E-B52F-48A5-B6A6-A440685F88E9}.Debug|Any CPU.Build.0 = Debug|Any CPU
		{F208BF1E-B52F-48A5-B6A6-A440685F88E9}.Debug|Mixed Platforms.ActiveCfg = Debug|Any CPU
		{F208BF1E-B52F-48A5-B6A6-A440685F88E9}.Debug|Mixed Platforms.Build.0 = Debug|Any CPU
		{F208BF1E-B52F-48A5-B6A6-A440685F88E9}.Debug|x86.ActiveCfg = Debug|Any CPU
		{F208BF1E-B52F-48A5-B6A6-A440685F88E9}.Debug|x86.Build.0 = Debug|Any CPU
		{F208BF1E-B52F-48A5-B6A6-A440685F88E9}.Release|Any CPU.ActiveCfg = Release|Any CPU
		{F208BF1E-B52F-48A5-B6A6-A440685F88E9}.Release|Any CPU.Build.0 = Release|Any CPU
		{F208BF1E-B52F-48A5-B6A6-A440685F88E9}.Release|Mixed Platforms.ActiveCfg = Release|Any CPU
		{F208BF1E-B52F-48A5-B6A6-A440685F88E9}.Release|Mixed Platforms.Build.0 = Release|Any CPU
		{F208BF1E-B52F-48A5-B6A6-A440685F88E9}.Release|x86.ActiveCfg = Release|Any CPU
		{F208BF1E-B52F-48A5-B6A6-A440685F88E9}.Release|x86.Build.0 = Release|Any CPU
		{67E06F02-7488-44B2-8200-832FD98E0731}.Debug|Any CPU.ActiveCfg = Debug|Any CPU
		{67E06F02-7488-44B2-8200-832FD98E0731}.Debug|Any CPU.Build.0 = Debug|Any CPU
		{67E06F02-7488-44B2-8200-832FD98E0731}.Debug|Mixed Platforms.ActiveCfg = Debug|Any CPU
		{67E06F02-7488-44B2-8200-832FD98E0731}.Debug|Mixed Platforms.Build.0 = Debug|Any CPU
		{67E06F02-7488-44B2-8200-832FD98E0731}.Debug|x86.ActiveCfg = Debug|Any CPU
		{67E06F02-7488-44B2-8200-832FD98E0731}.Debug|x86.Build.0 = Debug|Any CPU
		{67E06F02-7488-44B2-8200-832FD98E0731}.Release|Any CPU.ActiveCfg = Release|Any CPU
		{67E06F02-7488-44B2-8200-832FD98E0731}.Release|Any CPU.Build.0 = Release|Any CPU
		{67E06F02-7488-44B2-8200-832FD98E0731}.Release|Mixed Platforms.ActiveCfg = Release|Any CPU
		{67E06F02-7488-44B2-8200-832FD98E0731}.Release|Mixed Platforms.Build.0 = Release|Any CPU
		{67E06F02-7488-44B2-8200-832FD98E0731}.Release|x86.ActiveCfg = Release|Any CPU
		{67E06F02-7488-44B2-8200-832FD98E0731}.Release|x86.Build.0 = Release|Any CPU
		{4106AED2-368B-4632-BF00-CCE70EB10402}.Debug|Any CPU.ActiveCfg = Debug|Any CPU
		{4106AED2-368B-4632-BF00-CCE70EB10402}.Debug|Any CPU.Build.0 = Debug|Any CPU
		{4106AED2-368B-4632-BF00-CCE70EB10402}.Debug|Mixed Platforms.ActiveCfg = Debug|Any CPU
		{4106AED2-368B-4632-BF00-CCE70EB10402}.Debug|Mixed Platforms.Build.0 = Debug|Any CPU
		{4106AED2-368B-4632-BF00-CCE70EB10402}.Debug|x86.ActiveCfg = Debug|Any CPU
		{4106AED2-368B-4632-BF00-CCE70EB10402}.Debug|x86.Build.0 = Debug|Any CPU
		{4106AED2-368B-4632-BF00-CCE70EB10402}.Release|Any CPU.ActiveCfg = Release|Any CPU
		{4106AED2-368B-4632-BF00-CCE70EB10402}.Release|Any CPU.Build.0 = Release|Any CPU
		{4106AED2-368B-4632-BF00-CCE70EB10402}.Release|Mixed Platforms.ActiveCfg = Release|Any CPU
		{4106AED2-368B-4632-BF00-CCE70EB10402}.Release|Mixed Platforms.Build.0 = Release|Any CPU
		{4106AED2-368B-4632-BF00-CCE70EB10402}.Release|x86.ActiveCfg = Release|Any CPU
		{4106AED2-368B-4632-BF00-CCE70EB10402}.Release|x86.Build.0 = Release|Any CPU
	EndGlobalSection
	GlobalSection(SolutionProperties) = preSolution
		HideSolutionNode = FALSE
	EndGlobalSection
	GlobalSection(ExtensibilityGlobals) = postSolution
		SolutionGuid = {AB36576B-12B8-48D0-B61F-2E371786D3CB}
	EndGlobalSection
EndGlobal
